
Microsoft Visual Studio Solution File, Format Version 12.00
# Visual Studio Version 17
VisualStudioVersion = 17.5.33530.505
MinimumVisualStudioVersion = 10.0.40219.1
Project("{9A19103F-16F7-4668-BE54-9A1E7A4F7556}") = "RFIDDEPO_R1_Sample", "RFIDDEPO_R1_Sample\RFIDDEPO_R1_Sample.csproj", "{D2BD0114-94BA-45B8-B589-893093572B73}"
EndProject
Project("{9A19103F-16F7-4668-BE54-9A1E7A4F7556}") = "RfidDepo.DesktopReader", "RfidDepo.DesktopReader\RfidDepo.DesktopReader.csproj", "{8A3B27ED-7FFD-42EA-A942-EC8A05D80B29}"
EndProject
Global
	GlobalSection(SolutionConfigurationPlatforms) = preSolution
		Debug|Any CPU = Debug|Any CPU
		Release|Any CPU = Release|Any CPU
	EndGlobalSection
	GlobalSection(ProjectConfigurationPlatforms) = postSolution
		{D2BD0114-94BA-45B8-B589-893093572B73}.Debug|Any CPU.ActiveCfg = Debug|Any CPU
		{D2BD0114-94BA-45B8-B589-893093572B73}.Debug|Any CPU.Build.0 = Debug|Any CPU
		{D2BD0114-94BA-45B8-B589-893093572B73}.Release|Any CPU.ActiveCfg = Release|Any CPU
		{D2BD0114-94BA-45B8-B589-893093572B73}.Release|Any CPU.Build.0 = Release|Any CPU
		{8A3B27ED-7FFD-42EA-A942-EC8A05D80B29}.Debug|Any CPU.ActiveCfg = Debug|Any CPU
		{8A3B27ED-7FFD-42EA-A942-EC8A05D80B29}.Debug|Any CPU.Build.0 = Debug|Any CPU
		{8A3B27ED-7FFD-42EA-A942-EC8A05D80B29}.Release|Any CPU.ActiveCfg = Release|Any CPU
		{8A3B27ED-7FFD-42EA-A942-EC8A05D80B29}.Release|Any CPU.Build.0 = Release|Any CPU
	EndGlobalSection
	GlobalSection(SolutionProperties) = preSolution
		HideSolutionNode = FALSE
	EndGlobalSection
	GlobalSection(ExtensibilityGlobals) = postSolution
		SolutionGuid = {3D9720AE-6FC9-400C-A7E8-1C013394A9CA}
	EndGlobalSection
EndGlobal
